
Microsoft Visual Studio Solution File, Format Version 12.00
# Visual Studio Version 17
VisualStudioVersion = 17.4.33205.214
MinimumVisualStudioVersion = 10.0.40219.1
Project("{FAE04EC0-301F-11D3-BF4B-00C04F79EFBC}") = "Ticket_Web", "Ticket_Web\Ticket_Web.csproj", "{5D392340-DB0B-4A72-952F-75D72ED09376}"
EndProject
Global
	GlobalSection(SolutionConfigurationPlatforms) = preSolution
		Debug|Any CPU = Debug|Any CPU
		Release|Any CPU = Release|Any CPU
	EndGlobalSection
	GlobalSection(ProjectConfigurationPlatforms) = postSolution
		{5D392340-DB0B-4A72-952F-75D72ED09376}.Debug|Any CPU.ActiveCfg = Debug|Any CPU
		{5D392340-DB0B-4A72-952F-75D72ED09376}.Debug|Any CPU.Build.0 = Debug|Any CPU
		{5D392340-DB0B-4A72-952F-75D72ED09376}.Release|Any CPU.ActiveCfg = Release|Any CPU
		{5D392340-DB0B-4A72-952F-75D72ED09376}.Release|Any CPU.Build.0 = Release|Any CPU
	EndGlobalSection
	GlobalSection(SolutionProperties) = preSolution
		HideSolutionNode = FALSE
	EndGlobalSection
	GlobalSection(ExtensibilityGlobals) = postSolution
		SolutionGuid = {DD393743-AE8E-4B25-8B20-8FD0CC46F80B}
	EndGlobalSection
EndGlobal
